
Microsoft Visual Studio Solution File, Format Version 12.00
# Visual Studio Version 17
VisualStudioVersion = 17.3.32922.545
MinimumVisualStudioVersion = 10.0.40219.1
Project("{9A19103F-16F7-4668-BE54-9A1E7A4F7556}") = "BulkyBookWeb", "BulkyBookWeb\BulkyBookWeb.csproj", "{98E254EB-A841-4A1E-8F45-FD083AE871A8}"
EndProject
Project("{FAE04EC0-301F-11D3-BF4B-00C04F79EFBC}") = "BulkyBook.DataAccess", "BulkyBook.DataAccess\BulkyBook.DataAccess.csproj", "{63F56D5C-6183-47CF-8659-C9A6087B30D1}"
EndProject
Project("{FAE04EC0-301F-11D3-BF4B-00C04F79EFBC}") = "BulkyBook.Models", "BulkyBook.Models\BulkyBook.Models.csproj", "{3D954F2E-260F-4E52-94F5-1ED27A2F3277}"
EndProject
Project("{FAE04EC0-301F-11D3-BF4B-00C04F79EFBC}") = "BulkyBook.Utility", "BulkyBook.Utility\BulkyBook.Utility.csproj", "{6C3739D3-D925-4DD3-A356-1F15D4A9BCEC}"
EndProject
Global
	GlobalSection(SolutionConfigurationPlatforms) = preSolution
		Debug|Any CPU = Debug|Any CPU
		Release|Any CPU = Release|Any CPU
	EndGlobalSection
	GlobalSection(ProjectConfigurationPlatforms) = postSolution
		{98E254EB-A841-4A1E-8F45-FD083AE871A8}.Debug|Any CPU.ActiveCfg = Debug|Any CPU
		{98E254EB-A841-4A1E-8F45-FD083AE871A8}.Debug|Any CPU.Build.0 = Debug|Any CPU
		{98E254EB-A841-4A1E-8F45-FD083AE871A8}.Release|Any CPU.ActiveCfg = Release|Any CPU
		{98E254EB-A841-4A1E-8F45-FD083AE871A8}.Release|Any CPU.Build.0 = Release|Any CPU
		{63F56D5C-6183-47CF-8659-C9A6087B30D1}.Debug|Any CPU.ActiveCfg = Debug|Any CPU
		{63F56D5C-6183-47CF-8659-C9A6087B30D1}.Debug|Any CPU.Build.0 = Debug|Any CPU
		{63F56D5C-6183-47CF-8659-C9A6087B30D1}.Release|Any CPU.ActiveCfg = Release|Any CPU
		{63F56D5C-6183-47CF-8659-C9A6087B30D1}.Release|Any CPU.Build.0 = Release|Any CPU
		{3D954F2E-260F-4E52-94F5-1ED27A2F3277}.Debug|Any CPU.ActiveCfg = Debug|Any CPU
		{3D954F2E-260F-4E52-94F5-1ED27A2F3277}.Debug|Any CPU.Build.0 = Debug|Any CPU
		{3D954F2E-260F-4E52-94F5-1ED27A2F3277}.Release|Any CPU.ActiveCfg = Release|Any CPU
		{3D954F2E-260F-4E52-94F5-1ED27A2F3277}.Release|Any CPU.Build.0 = Release|Any CPU
		{6C3739D3-D925-4DD3-A356-1F15D4A9BCEC}.Debug|Any CPU.ActiveCfg = Debug|Any CPU
		{6C3739D3-D925-4DD3-A356-1F15D4A9BCEC}.Debug|Any CPU.Build.0 = Debug|Any CPU
		{6C3739D3-D925-4DD3-A356-1F15D4A9BCEC}.Release|Any CPU.ActiveCfg = Release|Any CPU
		{6C3739D3-D925-4DD3-A356-1F15D4A9BCEC}.Release|Any CPU.Build.0 = Release|Any CPU
	EndGlobalSection
	GlobalSection(SolutionProperties) = preSolution
		HideSolutionNode = FALSE
	EndGlobalSection
	GlobalSection(ExtensibilityGlobals) = postSolution
		SolutionGuid = {437D2C79-2DAA-489B-A404-C15F77BEEBB5}
	EndGlobalSection
EndGlobal
